<?xml version="1.0" encoding="UTF-8"?>
<!DOCTYPE plist PUBLIC "-//Apple//DTD PLIST 1.0//EN" "http://www.apple.com/DTDs/PropertyList-1.0.dtd">
<plist version="1.0">
<dict>
	<key>archiveVersion</key>
	<string>1</string>
	<key>classes</key>
	<dict/>
	<key>objectVersion</key>
	<string>46</string>
	<key>objects</key>
	<dict>
		<key>55E71C2278524944AB923C3C</key>
		<dict>
			<key>includeInIndex</key>
			<string>1</string>
			<key>isa</key>
			<string>PBXFileReference</string>
			<key>lastKnownFileType</key>
			<string>text.xcconfig</string>
			<key>name</key>
			<string>Pods.xcconfig</string>
			<key>path</key>
			<string>Pods/Pods.xcconfig</string>
			<key>sourceTree</key>
			<string>&lt;group&gt;</string>
		</dict>
		<key>60F0CE00F78549409F04DE4D</key>
		<dict>
			<key>fileRef</key>
			<string>6B5A64E359E644AFB8269C08</string>
			<key>isa</key>
			<string>PBXBuildFile</string>
		</dict>
		<key>6B5A64E359E644AFB8269C08</key>
		<dict>
			<key>explicitFileType</key>
			<string>archive.ar</string>
			<key>includeInIndex</key>
			<string>0</string>
			<key>isa</key>
			<string>PBXFileReference</string>
			<key>path</key>
			<string>libPods.a</string>
			<key>sourceTree</key>
			<string>BUILT_PRODUCTS_DIR</string>
		</dict>
		<key>732BBA70BF674D14AC3610DC</key>
		<dict>
			<key>buildActionMask</key>
			<string>2147483647</string>
			<key>files</key>
			<array/>
			<key>inputPaths</key>
			<array/>
			<key>isa</key>
			<string>PBXShellScriptBuildPhase</string>
			<key>name</key>
			<string>Copy Pods Resources</string>
			<key>outputPaths</key>
			<array/>
			<key>runOnlyForDeploymentPostprocessing</key>
			<string>0</string>
			<key>shellPath</key>
			<string>/bin/sh</string>
			<key>shellScript</key>
			<string>"${SRCROOT}/Pods/Pods-resources.sh"
</string>
			<key>showEnvVarsInLog</key>
			<string>0</string>
		</dict>
		<key>9217BAD71894896100B9E2EE</key>
		<dict>
			<key>fileEncoding</key>
			<string>4</string>
			<key>isa</key>
			<string>PBXFileReference</string>
			<key>lastKnownFileType</key>
			<string>sourcecode.c.h</string>
			<key>path</key>
			<string>OFTabBarController.h</string>
			<key>sourceTree</key>
			<string>&lt;group&gt;</string>
		</dict>
		<key>9217BAD81894896100B9E2EE</key>
		<dict>
			<key>fileEncoding</key>
			<string>4</string>
			<key>isa</key>
			<string>PBXFileReference</string>
			<key>lastKnownFileType</key>
			<string>sourcecode.c.objc</string>
			<key>path</key>
			<string>OFTabBarController.m</string>
			<key>sourceTree</key>
			<string>&lt;group&gt;</string>
		</dict>
		<key>9217BAD91894896100B9E2EE</key>
		<dict>
			<key>fileRef</key>
			<string>9217BAD81894896100B9E2EE</string>
			<key>isa</key>
			<string>PBXBuildFile</string>
		</dict>
		<key>92714779188B67A2008FAF7A</key>
		<dict>
			<key>fileEncoding</key>
			<string>4</string>
			<key>isa</key>
			<string>PBXFileReference</string>
			<key>lastKnownFileType</key>
			<string>sourcecode.c.h</string>
			<key>path</key>
			<string>OFToFriendViewController.h</string>
			<key>sourceTree</key>
			<string>&lt;group&gt;</string>
		</dict>
		<key>9271477A188B67A2008FAF7A</key>
		<dict>
			<key>fileEncoding</key>
			<string>4</string>
			<key>isa</key>
			<string>PBXFileReference</string>
			<key>lastKnownFileType</key>
			<string>sourcecode.c.objc</string>
			<key>path</key>
			<string>OFToFriendViewController.m</string>
			<key>sourceTree</key>
			<string>&lt;group&gt;</string>
		</dict>
		<key>9271477B188B67A2008FAF7A</key>
		<dict>
			<key>fileRef</key>
			<string>9271477A188B67A2008FAF7A</string>
			<key>isa</key>
			<string>PBXBuildFile</string>
		</dict>
		<key>9271477C188B67C0008FAF7A</key>
		<dict>
			<key>fileEncoding</key>
			<string>4</string>
			<key>isa</key>
			<string>PBXFileReference</string>
			<key>lastKnownFileType</key>
			<string>sourcecode.c.h</string>
			<key>path</key>
			<string>OFToFriendCell.h</string>
			<key>sourceTree</key>
			<string>&lt;group&gt;</string>
		</dict>
		<key>9271477D188B67C0008FAF7A</key>
		<dict>
			<key>fileEncoding</key>
			<string>4</string>
			<key>isa</key>
			<string>PBXFileReference</string>
			<key>lastKnownFileType</key>
			<string>sourcecode.c.objc</string>
			<key>path</key>
			<string>OFToFriendCell.m</string>
			<key>sourceTree</key>
			<string>&lt;group&gt;</string>
		</dict>
		<key>9271477E188B67C0008FAF7A</key>
		<dict>
			<key>fileRef</key>
			<string>9271477D188B67C0008FAF7A</string>
			<key>isa</key>
			<string>PBXBuildFile</string>
		</dict>
		<key>92A95AAA187F9E6F00DA14AA</key>
		<dict>
			<key>isa</key>
			<string>PBXFileReference</string>
			<key>lastKnownFileType</key>
			<string>wrapper.framework</string>
			<key>path</key>
			<string>Parse.framework</string>
			<key>sourceTree</key>
			<string>&lt;group&gt;</string>
		</dict>
		<key>92A95AAC187F9EF100DA14AA</key>
		<dict>
			<key>children</key>
			<array>
				<string>92A95AAD187F9EF100DA14AA</string>
				<string>92A95AAE187F9EF100DA14AA</string>
				<string>92A95AAF187F9EF100DA14AA</string>
				<string>92A95AB0187F9EF100DA14AA</string>
				<string>92A95AB1187F9EF100DA14AA</string>
				<string>92A95AB2187F9EF100DA14AA</string>
				<string>92A95AB3187F9EF100DA14AA</string>
				<string>92A95AB4187F9EF100DA14AA</string>
				<string>92A95AB5187F9EF100DA14AA</string>
				<string>92A95AB6187F9EF100DA14AA</string>
				<string>92A95AB7187F9EF100DA14AA</string>
			</array>
			<key>isa</key>
			<string>PBXGroup</string>
			<key>path</key>
			<string>icons 2</string>
			<key>sourceTree</key>
			<string>&lt;group&gt;</string>
		</dict>
		<key>92A95AAD187F9EF100DA14AA</key>
		<dict>
			<key>isa</key>
			<string>PBXFileReference</string>
			<key>lastKnownFileType</key>
			<string>image.png</string>
			<key>path</key>
			<string>icon_camera_alt.png</string>
			<key>sourceTree</key>
			<string>&lt;group&gt;</string>
		</dict>
		<key>92A95AAE187F9EF100DA14AA</key>
		<dict>
			<key>isa</key>
			<string>PBXFileReference</string>
			<key>lastKnownFileType</key>
			<string>image.png</string>
			<key>path</key>
			<string>icon_cogs.png</string>
			<key>sourceTree</key>
			<string>&lt;group&gt;</string>
		</dict>
		<key>92A95AAF187F9EF100DA14AA</key>
		<dict>
			<key>isa</key>
			<string>PBXFileReference</string>
			<key>lastKnownFileType</key>
			<string>image.png</string>
			<key>path</key>
			<string>icon_contacts_alt.png</string>
			<key>sourceTree</key>
			<string>&lt;group&gt;</string>
		</dict>
		<key>92A95AB0187F9EF100DA14AA</key>
		<dict>
			<key>isa</key>
			<string>PBXFileReference</string>
			<key>lastKnownFileType</key>
			<string>image.png</string>
			<key>path</key>
			<string>icon_globe-2.png</string>
			<key>sourceTree</key>
			<string>&lt;group&gt;</string>
		</dict>
		<key>92A95AB1187F9EF100DA14AA</key>
		<dict>
			<key>isa</key>
			<string>PBXFileReference</string>
			<key>lastKnownFileType</key>
			<string>image.png</string>
			<key>path</key>
			<string>icon_group.png</string>
			<key>sourceTree</key>
			<string>&lt;group&gt;</string>
		</dict>
		<key>92A95AB2187F9EF100DA14AA</key>
		<dict>
			<key>isa</key>
			<string>PBXFileReference</string>
			<key>lastKnownFileType</key>
			<string>image.png</string>
			<key>path</key>
			<string>icon_plus_alt2.png</string>
			<key>sourceTree</key>
			<string>&lt;group&gt;</string>
		</dict>
		<key>92A95AB3187F9EF100DA14AA</key>
		<dict>
			<key>isa</key>
			<string>PBXFileReference</string>
			<key>lastKnownFileType</key>
			<string>image.png</string>
			<key>path</key>
			<string>icon_profile.png</string>
			<key>sourceTree</key>
			<string>&lt;group&gt;</string>
		</dict>
		<key>92A95AB4187F9EF100DA14AA</key>
		<dict>
			<key>isa</key>
			<string>PBXFileReference</string>
			<key>lastKnownFileType</key>
			<string>image.png</string>
			<key>path</key>
			<string>icon_star-half_alt.png</string>
			<key>sourceTree</key>
			<string>&lt;group&gt;</string>
		</dict>
		<key>92A95AB5187F9EF100DA14AA</key>
		<dict>
			<key>isa</key>
			<string>PBXFileReference</string>
			<key>lastKnownFileType</key>
			<string>image.png</string>
			<key>path</key>
			<string>icon_star_alt.png</string>
			<key>sourceTree</key>
			<string>&lt;group&gt;</string>
		</dict>
		<key>92A95AB6187F9EF100DA14AA</key>
		<dict>
			<key>isa</key>
			<string>PBXFileReference</string>
			<key>lastKnownFileType</key>
			<string>image.png</string>
			<key>path</key>
			<string>social_facebook.png</string>
			<key>sourceTree</key>
			<string>&lt;group&gt;</string>
		</dict>
		<key>92A95AB7187F9EF100DA14AA</key>
		<dict>
			<key>isa</key>
			<string>PBXFileReference</string>
			<key>lastKnownFileType</key>
			<string>file</string>
			<key>path</key>
			<string>Thumbs.db</string>
			<key>sourceTree</key>
			<string>&lt;group&gt;</string>
		</dict>
		<key>92A95AB8187F9EF100DA14AA</key>
		<dict>
			<key>fileRef</key>
			<string>92A95AAD187F9EF100DA14AA</string>
			<key>isa</key>
			<string>PBXBuildFile</string>
		</dict>
		<key>92A95AB9187F9EF100DA14AA</key>
		<dict>
			<key>fileRef</key>
			<string>92A95AAE187F9EF100DA14AA</string>
			<key>isa</key>
			<string>PBXBuildFile</string>
		</dict>
		<key>92A95ABA187F9EF100DA14AA</key>
		<dict>
			<key>fileRef</key>
			<string>92A95AAF187F9EF100DA14AA</string>
			<key>isa</key>
			<string>PBXBuildFile</string>
		</dict>
		<key>92A95ABB187F9EF100DA14AA</key>
		<dict>
			<key>fileRef</key>
			<string>92A95AB0187F9EF100DA14AA</string>
			<key>isa</key>
			<string>PBXBuildFile</string>
		</dict>
		<key>92A95ABC187F9EF100DA14AA</key>
		<dict>
			<key>fileRef</key>
			<string>92A95AB1187F9EF100DA14AA</string>
			<key>isa</key>
			<string>PBXBuildFile</string>
		</dict>
		<key>92A95ABD187F9EF100DA14AA</key>
		<dict>
			<key>fileRef</key>
			<string>92A95AB2187F9EF100DA14AA</string>
			<key>isa</key>
			<string>PBXBuildFile</string>
		</dict>
		<key>92A95ABE187F9EF100DA14AA</key>
		<dict>
			<key>fileRef</key>
			<string>92A95AB3187F9EF100DA14AA</string>
			<key>isa</key>
			<string>PBXBuildFile</string>
		</dict>
		<key>92A95ABF187F9EF100DA14AA</key>
		<dict>
			<key>fileRef</key>
			<string>92A95AB4187F9EF100DA14AA</string>
			<key>isa</key>
			<string>PBXBuildFile</string>
		</dict>
		<key>92A95AC0187F9EF100DA14AA</key>
		<dict>
			<key>fileRef</key>
			<string>92A95AB5187F9EF100DA14AA</string>
			<key>isa</key>
			<string>PBXBuildFile</string>
		</dict>
		<key>92A95AC1187F9EF100DA14AA</key>
		<dict>
			<key>fileRef</key>
			<string>92A95AB6187F9EF100DA14AA</string>
			<key>isa</key>
			<string>PBXBuildFile</string>
		</dict>
		<key>92A95AC2187F9EF100DA14AA</key>
		<dict>
			<key>fileRef</key>
			<string>92A95AB7187F9EF100DA14AA</string>
			<key>isa</key>
			<string>PBXBuildFile</string>
		</dict>
		<key>9A017F7B1871EEB700D9A1DA</key>
		<dict>
			<key>fileEncoding</key>
			<string>4</string>
			<key>isa</key>
			<string>PBXFileReference</string>
			<key>lastKnownFileType</key>
			<string>sourcecode.c.h</string>
			<key>path</key>
			<string>OFFriendCell.h</string>
			<key>sourceTree</key>
			<string>&lt;group&gt;</string>
		</dict>
		<key>9A017F7C1871EEB700D9A1DA</key>
		<dict>
			<key>fileEncoding</key>
			<string>4</string>
			<key>isa</key>
			<string>PBXFileReference</string>
			<key>lastKnownFileType</key>
			<string>sourcecode.c.objc</string>
			<key>path</key>
			<string>OFFriendCell.m</string>
			<key>sourceTree</key>
			<string>&lt;group&gt;</string>
		</dict>
		<key>9A017F7D1871EEB700D9A1DA</key>
		<dict>
			<key>fileRef</key>
			<string>9A017F7C1871EEB700D9A1DA</string>
			<key>isa</key>
			<string>PBXBuildFile</string>
		</dict>
		<key>9A017F7E1871EED200D9A1DA</key>
		<dict>
			<key>fileEncoding</key>
			<string>4</string>
			<key>isa</key>
			<string>PBXFileReference</string>
			<key>lastKnownFileType</key>
			<string>sourcecode.c.h</string>
			<key>path</key>
			<string>OFFriendsViewController.h</string>
			<key>sourceTree</key>
			<string>&lt;group&gt;</string>
		</dict>
		<key>9A017F7F1871EED200D9A1DA</key>
		<dict>
			<key>fileEncoding</key>
			<string>4</string>
			<key>isa</key>
			<string>PBXFileReference</string>
			<key>lastKnownFileType</key>
			<string>sourcecode.c.objc</string>
			<key>path</key>
			<string>OFFriendsViewController.m</string>
			<key>sourceTree</key>
			<string>&lt;group&gt;</string>
		</dict>
		<key>9A017F801871EED200D9A1DA</key>
		<dict>
			<key>fileRef</key>
			<string>9A017F7F1871EED200D9A1DA</string>
			<key>isa</key>
			<string>PBXBuildFile</string>
		</dict>
		<key>9A021FB618660AAF00D8AB69</key>
		<dict>
			<key>children</key>
			<array>
				<string>9A021FC818660AAF00D8AB69</string>
				<string>9A021FE118660AB000D8AB69</string>
				<string>9A021FC118660AAF00D8AB69</string>
				<string>9A021FC018660AAF00D8AB69</string>
				<string>55E71C2278524944AB923C3C</string>
			</array>
			<key>isa</key>
			<string>PBXGroup</string>
			<key>sourceTree</key>
			<string>&lt;group&gt;</string>
		</dict>
		<key>9A021FB718660AAF00D8AB69</key>
		<dict>
			<key>attributes</key>
			<dict>
				<key>CLASSPREFIX</key>
				<string>OF</string>
				<key>LastUpgradeCheck</key>
				<string>0500</string>
				<key>ORGANIZATIONNAME</key>
				<string>Outfyt</string>
				<key>TargetAttributes</key>
				<dict>
					<key>9A021FBE18660AAF00D8AB69</key>
					<dict>
						<key>DevelopmentTeam</key>
						<string>8TALLXXUNP</string>
					</dict>
					<key>9A021FD918660AB000D8AB69</key>
					<dict>
						<key>TestTargetID</key>
						<string>9A021FBE18660AAF00D8AB69</string>
					</dict>
				</dict>
			</dict>
			<key>buildConfigurationList</key>
			<string>9A021FBA18660AAF00D8AB69</string>
			<key>compatibilityVersion</key>
			<string>Xcode 3.2</string>
			<key>developmentRegion</key>
			<string>English</string>
			<key>hasScannedForEncodings</key>
			<string>0</string>
			<key>isa</key>
			<string>PBXProject</string>
			<key>knownRegions</key>
			<array>
				<string>en</string>
			</array>
			<key>mainGroup</key>
			<string>9A021FB618660AAF00D8AB69</string>
			<key>productRefGroup</key>
			<string>9A021FC018660AAF00D8AB69</string>
			<key>projectDirPath</key>
			<string></string>
			<key>projectReferences</key>
			<array/>
			<key>projectRoot</key>
			<string></string>
			<key>targets</key>
			<array>
				<string>9A021FBE18660AAF00D8AB69</string>
				<string>9A021FD918660AB000D8AB69</string>
			</array>
		</dict>
		<key>9A021FBA18660AAF00D8AB69</key>
		<dict>
			<key>buildConfigurations</key>
			<array>
				<string>9A021FE918660AB000D8AB69</string>
				<string>9A021FEA18660AB000D8AB69</string>
			</array>
			<key>defaultConfigurationIsVisible</key>
			<string>0</string>
			<key>defaultConfigurationName</key>
			<string>Release</string>
			<key>isa</key>
			<string>XCConfigurationList</string>
		</dict>
		<key>9A021FBB18660AAF00D8AB69</key>
		<dict>
			<key>buildActionMask</key>
			<string>2147483647</string>
			<key>files</key>
			<array>
				<string>9A017F7D1871EEB700D9A1DA</string>
				<string>9AACDEDB186E30A8000CDE57</string>
				<string>9A3B2F7E186CFCE300F04B6C</string>
				<string>9271477E188B67C0008FAF7A</string>
				<string>9A017F801871EED200D9A1DA</string>
				<string>9271477B188B67A2008FAF7A</string>
				<string>9A3B2F6F186BE02D00F04B6C</string>
				<string>9A021FCF18660AAF00D8AB69</string>
				<string>9AACDED8186E292E000CDE57</string>
				<string>9A2DAFAC186A6E600073C44B</string>
				<string>9217BAD91894896100B9E2EE</string>
				<string>9AFE3AE11866A75700E7C235</string>
				<string>9AF5ECB3186D6610006816E4</string>
				<string>9AF8CC6918664C3B00A24FBF</string>
				<string>9A2DAFA9186A6E3F0073C44B</string>
				<string>9AF8747D186D0CA800CAA2C2</string>
				<string>9A11EF6C186ABE6800434A28</string>
				<string>9A021FD318660AAF00D8AB69</string>
			</array>
			<key>isa</key>
			<string>PBXSourcesBuildPhase</string>
			<key>runOnlyForDeploymentPostprocessing</key>
			<string>0</string>
		</dict>
		<key>9A021FBC18660AAF00D8AB69</key>
		<dict>
			<key>buildActionMask</key>
			<string>2147483647</string>
			<key>files</key>
			<array>
				<string>9AACDEDF186E365D000CDE57</string>
				<string>9AACDEDD186E345F000CDE57</string>
				<string>9A2DAFA2186A25D10073C44B</string>
				<string>9A2DAFA3186A25D10073C44B</string>
				<string>9A2DAFA4186A25D10073C44B</string>
				<string>9A2DAFA5186A25D10073C44B</string>
				<string>9A2DAFA6186A25D10073C44B</string>
				<string>9A2DAF9B186A25B90073C44B</string>
				<string>9A2DAF9C186A25B90073C44B</string>
				<string>9A2DAF98186A25980073C44B</string>
				<string>9A021FC518660AAF00D8AB69</string>
				<string>9A2DAF96186A252C0073C44B</string>
				<string>9A021FC718660AAF00D8AB69</string>
				<string>9A021FC318660AAF00D8AB69</string>
				<string>60F0CE00F78549409F04DE4D</string>
			</array>
			<key>isa</key>
			<string>PBXFrameworksBuildPhase</string>
			<key>runOnlyForDeploymentPostprocessing</key>
			<string>0</string>
		</dict>
		<key>9A021FBD18660AAF00D8AB69</key>
		<dict>
			<key>buildActionMask</key>
			<string>2147483647</string>
			<key>files</key>
			<array>
				<string>92A95AC2187F9EF100DA14AA</string>
				<string>92A95ABE187F9EF100DA14AA</string>
				<string>92A95AC1187F9EF100DA14AA</string>
				<string>92A95AC0187F9EF100DA14AA</string>
				<string>92A95ABB187F9EF100DA14AA</string>
				<string>9A021FCD18660AAF00D8AB69</string>
				<string>92A95ABD187F9EF100DA14AA</string>
				<string>9A021FD518660AAF00D8AB69</string>
				<string>9AF8CC651866451600A24FBF</string>
				<string>92A95AB9187F9EF100DA14AA</string>
				<string>92A95ABF187F9EF100DA14AA</string>
				<string>92A95AB8187F9EF100DA14AA</string>
				<string>92A95ABC187F9EF100DA14AA</string>
				<string>92A95ABA187F9EF100DA14AA</string>
			</array>
			<key>isa</key>
			<string>PBXResourcesBuildPhase</string>
			<key>runOnlyForDeploymentPostprocessing</key>
			<string>0</string>
		</dict>
		<key>9A021FBE18660AAF00D8AB69</key>
		<dict>
			<key>buildConfigurationList</key>
			<string>9A021FEB18660AB000D8AB69</string>
			<key>buildPhases</key>
			<array>
				<string>B1F8E006203D4F6494EECBD0</string>
				<string>9A021FBB18660AAF00D8AB69</string>
				<string>9A021FBC18660AAF00D8AB69</string>
				<string>9A021FBD18660AAF00D8AB69</string>
				<string>732BBA70BF674D14AC3610DC</string>
			</array>
			<key>buildRules</key>
			<array/>
			<key>dependencies</key>
			<array/>
			<key>isa</key>
			<string>PBXNativeTarget</string>
			<key>name</key>
			<string>Outfyt</string>
			<key>productName</key>
			<string>Outfyt</string>
			<key>productReference</key>
			<string>9A021FBF18660AAF00D8AB69</string>
			<key>productType</key>
			<string>com.apple.product-type.application</string>
		</dict>
		<key>9A021FBF18660AAF00D8AB69</key>
		<dict>
			<key>explicitFileType</key>
			<string>wrapper.application</string>
			<key>includeInIndex</key>
			<string>0</string>
			<key>isa</key>
			<string>PBXFileReference</string>
			<key>path</key>
			<string>Outfyt.app</string>
			<key>sourceTree</key>
			<string>BUILT_PRODUCTS_DIR</string>
		</dict>
		<key>9A021FC018660AAF00D8AB69</key>
		<dict>
			<key>children</key>
			<array>
				<string>9A021FBF18660AAF00D8AB69</string>
				<string>9A021FDA18660AB000D8AB69</string>
			</array>
			<key>isa</key>
			<string>PBXGroup</string>
			<key>name</key>
			<string>Products</string>
			<key>sourceTree</key>
			<string>&lt;group&gt;</string>
		</dict>
		<key>9A021FC118660AAF00D8AB69</key>
		<dict>
			<key>children</key>
			<array>
				<string>92A95AAA187F9E6F00DA14AA</string>
				<string>9AACDEDE186E365D000CDE57</string>
				<string>9AACDEDC186E345F000CDE57</string>
				<string>9AACDED3186E0FE6000CDE57</string>
				<string>9A2DAF9D186A25D00073C44B</string>
				<string>9A2DAF9E186A25D10073C44B</string>
				<string>9A2DAF9F186A25D10073C44B</string>
				<string>9A2DAFA0186A25D10073C44B</string>
				<string>9A2DAFA1186A25D10073C44B</string>
				<string>9A2DAF99186A25B90073C44B</string>
				<string>9A2DAF9A186A25B90073C44B</string>
				<string>9A2DAF97186A25980073C44B</string>
				<string>9A2DAF95186A252C0073C44B</string>
				<string>9A2DAF93186A24BF0073C44B</string>
				<string>9A021FC218660AAF00D8AB69</string>
				<string>9A021FC418660AAF00D8AB69</string>
				<string>9A021FC618660AAF00D8AB69</string>
				<string>9A021FDB18660AB000D8AB69</string>
				<string>6B5A64E359E644AFB8269C08</string>
			</array>
			<key>isa</key>
			<string>PBXGroup</string>
			<key>name</key>
			<string>Frameworks</string>
			<key>sourceTree</key>
			<string>&lt;group&gt;</string>
		</dict>
		<key>9A021FC218660AAF00D8AB69</key>
		<dict>
			<key>isa</key>
			<string>PBXFileReference</string>
			<key>lastKnownFileType</key>
			<string>wrapper.framework</string>
			<key>name</key>
			<string>Foundation.framework</string>
			<key>path</key>
			<string>System/Library/Frameworks/Foundation.framework</string>
			<key>sourceTree</key>
			<string>SDKROOT</string>
		</dict>
		<key>9A021FC318660AAF00D8AB69</key>
		<dict>
			<key>fileRef</key>
			<string>9A021FC218660AAF00D8AB69</string>
			<key>isa</key>
			<string>PBXBuildFile</string>
		</dict>
		<key>9A021FC418660AAF00D8AB69</key>
		<dict>
			<key>isa</key>
			<string>PBXFileReference</string>
			<key>lastKnownFileType</key>
			<string>wrapper.framework</string>
			<key>name</key>
			<string>CoreGraphics.framework</string>
			<key>path</key>
			<string>System/Library/Frameworks/CoreGraphics.framework</string>
			<key>sourceTree</key>
			<string>SDKROOT</string>
		</dict>
		<key>9A021FC518660AAF00D8AB69</key>
		<dict>
			<key>fileRef</key>
			<string>9A021FC418660AAF00D8AB69</string>
			<key>isa</key>
			<string>PBXBuildFile</string>
		</dict>
		<key>9A021FC618660AAF00D8AB69</key>
		<dict>
			<key>isa</key>
			<string>PBXFileReference</string>
			<key>lastKnownFileType</key>
			<string>wrapper.framework</string>
			<key>name</key>
			<string>UIKit.framework</string>
			<key>path</key>
			<string>System/Library/Frameworks/UIKit.framework</string>
			<key>sourceTree</key>
			<string>SDKROOT</string>
		</dict>
		<key>9A021FC718660AAF00D8AB69</key>
		<dict>
			<key>fileRef</key>
			<string>9A021FC618660AAF00D8AB69</string>
			<key>isa</key>
			<string>PBXBuildFile</string>
		</dict>
		<key>9A021FC818660AAF00D8AB69</key>
		<dict>
			<key>children</key>
			<array>
				<string>9A021FD418660AAF00D8AB69</string>
				<string>9AF8CC641866451600A24FBF</string>
				<string>9217BAD71894896100B9E2EE</string>
				<string>9217BAD81894896100B9E2EE</string>
				<string>9AF8CC6618664C0900A24FBF</string>
				<string>9AF8CC6A1866540500A24FBF</string>
				<string>9A021FC918660AAF00D8AB69</string>
			</array>
			<key>isa</key>
			<string>PBXGroup</string>
			<key>path</key>
			<string>Outfyt</string>
			<key>sourceTree</key>
			<string>&lt;group&gt;</string>
		</dict>
		<key>9A021FC918660AAF00D8AB69</key>
		<dict>
			<key>children</key>
			<array>
				<string>9A021FCA18660AAF00D8AB69</string>
				<string>9A021FCB18660AAF00D8AB69</string>
				<string>9A021FCE18660AAF00D8AB69</string>
				<string>9A021FD018660AAF00D8AB69</string>
				<string>9A021FD118660AAF00D8AB69</string>
				<string>9A021FD218660AAF00D8AB69</string>
			</array>
			<key>isa</key>
			<string>PBXGroup</string>
			<key>name</key>
			<string>Supporting Files</string>
			<key>sourceTree</key>
			<string>&lt;group&gt;</string>
		</dict>
		<key>9A021FCA18660AAF00D8AB69</key>
		<dict>
			<key>isa</key>
			<string>PBXFileReference</string>
			<key>lastKnownFileType</key>
			<string>text.plist.xml</string>
			<key>path</key>
			<string>Outfyt-Info.plist</string>
			<key>sourceTree</key>
			<string>&lt;group&gt;</string>
		</dict>
		<key>9A021FCB18660AAF00D8AB69</key>
		<dict>
			<key>children</key>
			<array>
				<string>9A021FCC18660AAF00D8AB69</string>
			</array>
			<key>isa</key>
			<string>PBXVariantGroup</string>
			<key>name</key>
			<string>InfoPlist.strings</string>
			<key>sourceTree</key>
			<string>&lt;group&gt;</string>
		</dict>
		<key>9A021FCC18660AAF00D8AB69</key>
		<dict>
			<key>isa</key>
			<string>PBXFileReference</string>
			<key>lastKnownFileType</key>
			<string>text.plist.strings</string>
			<key>name</key>
			<string>en</string>
			<key>path</key>
			<string>en.lproj/InfoPlist.strings</string>
			<key>sourceTree</key>
			<string>&lt;group&gt;</string>
		</dict>
		<key>9A021FCD18660AAF00D8AB69</key>
		<dict>
			<key>fileRef</key>
			<string>9A021FCB18660AAF00D8AB69</string>
			<key>isa</key>
			<string>PBXBuildFile</string>
		</dict>
		<key>9A021FCE18660AAF00D8AB69</key>
		<dict>
			<key>isa</key>
			<string>PBXFileReference</string>
			<key>lastKnownFileType</key>
			<string>sourcecode.c.objc</string>
			<key>path</key>
			<string>main.m</string>
			<key>sourceTree</key>
			<string>&lt;group&gt;</string>
		</dict>
		<key>9A021FCF18660AAF00D8AB69</key>
		<dict>
			<key>fileRef</key>
			<string>9A021FCE18660AAF00D8AB69</string>
			<key>isa</key>
			<string>PBXBuildFile</string>
		</dict>
		<key>9A021FD018660AAF00D8AB69</key>
		<dict>
			<key>isa</key>
			<string>PBXFileReference</string>
			<key>lastKnownFileType</key>
			<string>sourcecode.c.h</string>
			<key>path</key>
			<string>Outfyt-Prefix.pch</string>
			<key>sourceTree</key>
			<string>&lt;group&gt;</string>
		</dict>
		<key>9A021FD118660AAF00D8AB69</key>
		<dict>
			<key>isa</key>
			<string>PBXFileReference</string>
			<key>lastKnownFileType</key>
			<string>sourcecode.c.h</string>
			<key>path</key>
			<string>OFAppDelegate.h</string>
			<key>sourceTree</key>
			<string>&lt;group&gt;</string>
		</dict>
		<key>9A021FD218660AAF00D8AB69</key>
		<dict>
			<key>isa</key>
			<string>PBXFileReference</string>
			<key>lastKnownFileType</key>
			<string>sourcecode.c.objc</string>
			<key>path</key>
			<string>OFAppDelegate.m</string>
			<key>sourceTree</key>
			<string>&lt;group&gt;</string>
		</dict>
		<key>9A021FD318660AAF00D8AB69</key>
		<dict>
			<key>fileRef</key>
			<string>9A021FD218660AAF00D8AB69</string>
			<key>isa</key>
			<string>PBXBuildFile</string>
		</dict>
		<key>9A021FD418660AAF00D8AB69</key>
		<dict>
			<key>isa</key>
			<string>PBXFileReference</string>
			<key>lastKnownFileType</key>
			<string>folder.assetcatalog</string>
			<key>path</key>
			<string>Images.xcassets</string>
			<key>sourceTree</key>
			<string>&lt;group&gt;</string>
		</dict>
		<key>9A021FD518660AAF00D8AB69</key>
		<dict>
			<key>fileRef</key>
			<string>9A021FD418660AAF00D8AB69</string>
			<key>isa</key>
			<string>PBXBuildFile</string>
		</dict>
		<key>9A021FD618660AB000D8AB69</key>
		<dict>
			<key>buildActionMask</key>
			<string>2147483647</string>
			<key>files</key>
			<array>
				<string>9A021FE818660AB000D8AB69</string>
			</array>
			<key>isa</key>
			<string>PBXSourcesBuildPhase</string>
			<key>runOnlyForDeploymentPostprocessing</key>
			<string>0</string>
		</dict>
		<key>9A021FD718660AB000D8AB69</key>
		<dict>
			<key>buildActionMask</key>
			<string>2147483647</string>
			<key>files</key>
			<array>
				<string>9A021FDC18660AB000D8AB69</string>
				<string>9A021FDE18660AB000D8AB69</string>
				<string>9A021FDD18660AB000D8AB69</string>
			</array>
			<key>isa</key>
			<string>PBXFrameworksBuildPhase</string>
			<key>runOnlyForDeploymentPostprocessing</key>
			<string>0</string>
		</dict>
		<key>9A021FD818660AB000D8AB69</key>
		<dict>
			<key>buildActionMask</key>
			<string>2147483647</string>
			<key>files</key>
			<array>
				<string>9A021FE618660AB000D8AB69</string>
			</array>
			<key>isa</key>
			<string>PBXResourcesBuildPhase</string>
			<key>runOnlyForDeploymentPostprocessing</key>
			<string>0</string>
		</dict>
		<key>9A021FD918660AB000D8AB69</key>
		<dict>
			<key>buildConfigurationList</key>
			<string>9A021FEE18660AB000D8AB69</string>
			<key>buildPhases</key>
			<array>
				<string>9A021FD618660AB000D8AB69</string>
				<string>9A021FD718660AB000D8AB69</string>
				<string>9A021FD818660AB000D8AB69</string>
			</array>
			<key>buildRules</key>
			<array/>
			<key>dependencies</key>
			<array>
				<string>9A021FE018660AB000D8AB69</string>
			</array>
			<key>isa</key>
			<string>PBXNativeTarget</string>
			<key>name</key>
			<string>OutfytTests</string>
			<key>productName</key>
			<string>OutfytTests</string>
			<key>productReference</key>
			<string>9A021FDA18660AB000D8AB69</string>
			<key>productType</key>
			<string>com.apple.product-type.bundle.unit-test</string>
		</dict>
		<key>9A021FDA18660AB000D8AB69</key>
		<dict>
			<key>explicitFileType</key>
			<string>wrapper.cfbundle</string>
			<key>includeInIndex</key>
			<string>0</string>
			<key>isa</key>
			<string>PBXFileReference</string>
			<key>path</key>
			<string>OutfytTests.xctest</string>
			<key>sourceTree</key>
			<string>BUILT_PRODUCTS_DIR</string>
		</dict>
		<key>9A021FDB18660AB000D8AB69</key>
		<dict>
			<key>isa</key>
			<string>PBXFileReference</string>
			<key>lastKnownFileType</key>
			<string>wrapper.framework</string>
			<key>name</key>
			<string>XCTest.framework</string>
			<key>path</key>
			<string>Library/Frameworks/XCTest.framework</string>
			<key>sourceTree</key>
			<string>DEVELOPER_DIR</string>
		</dict>
		<key>9A021FDC18660AB000D8AB69</key>
		<dict>
			<key>fileRef</key>
			<string>9A021FDB18660AB000D8AB69</string>
			<key>isa</key>
			<string>PBXBuildFile</string>
		</dict>
		<key>9A021FDD18660AB000D8AB69</key>
		<dict>
			<key>fileRef</key>
			<string>9A021FC218660AAF00D8AB69</string>
			<key>isa</key>
			<string>PBXBuildFile</string>
		</dict>
		<key>9A021FDE18660AB000D8AB69</key>
		<dict>
			<key>fileRef</key>
			<string>9A021FC618660AAF00D8AB69</string>
			<key>isa</key>
			<string>PBXBuildFile</string>
		</dict>
		<key>9A021FDF18660AB000D8AB69</key>
		<dict>
			<key>containerPortal</key>
			<string>9A021FB718660AAF00D8AB69</string>
			<key>isa</key>
			<string>PBXContainerItemProxy</string>
			<key>proxyType</key>
			<string>1</string>
			<key>remoteGlobalIDString</key>
			<string>9A021FBE18660AAF00D8AB69</string>
			<key>remoteInfo</key>
			<string>Outfyt</string>
		</dict>
		<key>9A021FE018660AB000D8AB69</key>
		<dict>
			<key>isa</key>
			<string>PBXTargetDependency</string>
			<key>target</key>
			<string>9A021FBE18660AAF00D8AB69</string>
			<key>targetProxy</key>
			<string>9A021FDF18660AB000D8AB69</string>
		</dict>
		<key>9A021FE118660AB000D8AB69</key>
		<dict>
			<key>children</key>
			<array>
				<string>9A021FE718660AB000D8AB69</string>
				<string>9A021FE218660AB000D8AB69</string>
			</array>
			<key>isa</key>
			<string>PBXGroup</string>
			<key>path</key>
			<string>OutfytTests</string>
			<key>sourceTree</key>
			<string>&lt;group&gt;</string>
		</dict>
		<key>9A021FE218660AB000D8AB69</key>
		<dict>
			<key>children</key>
			<array>
				<string>9A021FE318660AB000D8AB69</string>
				<string>9A021FE418660AB000D8AB69</string>
			</array>
			<key>isa</key>
			<string>PBXGroup</string>
			<key>name</key>
			<string>Supporting Files</string>
			<key>sourceTree</key>
			<string>&lt;group&gt;</string>
		</dict>
		<key>9A021FE318660AB000D8AB69</key>
		<dict>
			<key>isa</key>
			<string>PBXFileReference</string>
			<key>lastKnownFileType</key>
			<string>text.plist.xml</string>
			<key>path</key>
			<string>OutfytTests-Info.plist</string>
			<key>sourceTree</key>
			<string>&lt;group&gt;</string>
		</dict>
		<key>9A021FE418660AB000D8AB69</key>
		<dict>
			<key>children</key>
			<array>
				<string>9A021FE518660AB000D8AB69</string>
			</array>
			<key>isa</key>
			<string>PBXVariantGroup</string>
			<key>name</key>
			<string>InfoPlist.strings</string>
			<key>sourceTree</key>
			<string>&lt;group&gt;</string>
		</dict>
		<key>9A021FE518660AB000D8AB69</key>
		<dict>
			<key>isa</key>
			<string>PBXFileReference</string>
			<key>lastKnownFileType</key>
			<string>text.plist.strings</string>
			<key>name</key>
			<string>en</string>
			<key>path</key>
			<string>en.lproj/InfoPlist.strings</string>
			<key>sourceTree</key>
			<string>&lt;group&gt;</string>
		</dict>
		<key>9A021FE618660AB000D8AB69</key>
		<dict>
			<key>fileRef</key>
			<string>9A021FE418660AB000D8AB69</string>
			<key>isa</key>
			<string>PBXBuildFile</string>
		</dict>
		<key>9A021FE718660AB000D8AB69</key>
		<dict>
			<key>isa</key>
			<string>PBXFileReference</string>
			<key>lastKnownFileType</key>
			<string>sourcecode.c.objc</string>
			<key>path</key>
			<string>OutfytTests.m</string>
			<key>sourceTree</key>
			<string>&lt;group&gt;</string>
		</dict>
		<key>9A021FE818660AB000D8AB69</key>
		<dict>
			<key>fileRef</key>
			<string>9A021FE718660AB000D8AB69</string>
			<key>isa</key>
			<string>PBXBuildFile</string>
		</dict>
		<key>9A021FE918660AB000D8AB69</key>
		<dict>
			<key>buildSettings</key>
			<dict>
				<key>ALWAYS_SEARCH_USER_PATHS</key>
				<string>NO</string>
				<key>ARCHS</key>
				<string>$(ARCHS_STANDARD_INCLUDING_64_BIT)</string>
				<key>CLANG_CXX_LANGUAGE_STANDARD</key>
				<string>gnu++0x</string>
				<key>CLANG_CXX_LIBRARY</key>
				<string>libc++</string>
				<key>CLANG_ENABLE_MODULES</key>
				<string>YES</string>
				<key>CLANG_ENABLE_OBJC_ARC</key>
				<string>YES</string>
				<key>CLANG_WARN_BOOL_CONVERSION</key>
				<string>YES</string>
				<key>CLANG_WARN_CONSTANT_CONVERSION</key>
				<string>YES</string>
				<key>CLANG_WARN_DIRECT_OBJC_ISA_USAGE</key>
				<string>YES_ERROR</string>
				<key>CLANG_WARN_EMPTY_BODY</key>
				<string>YES</string>
				<key>CLANG_WARN_ENUM_CONVERSION</key>
				<string>YES</string>
				<key>CLANG_WARN_INT_CONVERSION</key>
				<string>YES</string>
				<key>CLANG_WARN_OBJC_ROOT_CLASS</key>
				<string>YES_ERROR</string>
				<key>CLANG_WARN__DUPLICATE_METHOD_MATCH</key>
				<string>YES</string>
				<key>CODE_SIGN_IDENTITY[sdk=iphoneos*]</key>
				<string>iPhone Developer</string>
				<key>COPY_PHASE_STRIP</key>
				<string>NO</string>
				<key>GCC_C_LANGUAGE_STANDARD</key>
				<string>gnu99</string>
				<key>GCC_DYNAMIC_NO_PIC</key>
				<string>NO</string>
				<key>GCC_OPTIMIZATION_LEVEL</key>
				<string>0</string>
				<key>GCC_PREPROCESSOR_DEFINITIONS</key>
				<array>
					<string>DEBUG=1</string>
					<string>$(inherited)</string>
				</array>
				<key>GCC_SYMBOLS_PRIVATE_EXTERN</key>
				<string>NO</string>
				<key>GCC_WARN_64_TO_32_BIT_CONVERSION</key>
				<string>YES</string>
				<key>GCC_WARN_ABOUT_RETURN_TYPE</key>
				<string>YES_ERROR</string>
				<key>GCC_WARN_UNDECLARED_SELECTOR</key>
				<string>YES</string>
				<key>GCC_WARN_UNINITIALIZED_AUTOS</key>
				<string>YES</string>
				<key>GCC_WARN_UNUSED_FUNCTION</key>
				<string>YES</string>
				<key>GCC_WARN_UNUSED_VARIABLE</key>
				<string>YES</string>
				<key>IPHONEOS_DEPLOYMENT_TARGET</key>
				<string>7.0</string>
				<key>ONLY_ACTIVE_ARCH</key>
				<string>YES</string>
				<key>SDKROOT</key>
				<string>iphoneos</string>
			</dict>
			<key>isa</key>
			<string>XCBuildConfiguration</string>
			<key>name</key>
			<string>Debug</string>
		</dict>
		<key>9A021FEA18660AB000D8AB69</key>
		<dict>
			<key>buildSettings</key>
			<dict>
				<key>ALWAYS_SEARCH_USER_PATHS</key>
				<string>NO</string>
				<key>ARCHS</key>
				<string>$(ARCHS_STANDARD_INCLUDING_64_BIT)</string>
				<key>CLANG_CXX_LANGUAGE_STANDARD</key>
				<string>gnu++0x</string>
				<key>CLANG_CXX_LIBRARY</key>
				<string>libc++</string>
				<key>CLANG_ENABLE_MODULES</key>
				<string>YES</string>
				<key>CLANG_ENABLE_OBJC_ARC</key>
				<string>YES</string>
				<key>CLANG_WARN_BOOL_CONVERSION</key>
				<string>YES</string>
				<key>CLANG_WARN_CONSTANT_CONVERSION</key>
				<string>YES</string>
				<key>CLANG_WARN_DIRECT_OBJC_ISA_USAGE</key>
				<string>YES_ERROR</string>
				<key>CLANG_WARN_EMPTY_BODY</key>
				<string>YES</string>
				<key>CLANG_WARN_ENUM_CONVERSION</key>
				<string>YES</string>
				<key>CLANG_WARN_INT_CONVERSION</key>
				<string>YES</string>
				<key>CLANG_WARN_OBJC_ROOT_CLASS</key>
				<string>YES_ERROR</string>
				<key>CLANG_WARN__DUPLICATE_METHOD_MATCH</key>
				<string>YES</string>
				<key>CODE_SIGN_IDENTITY[sdk=iphoneos*]</key>
				<string>iPhone Developer</string>
				<key>COPY_PHASE_STRIP</key>
				<string>YES</string>
				<key>ENABLE_NS_ASSERTIONS</key>
				<string>NO</string>
				<key>GCC_C_LANGUAGE_STANDARD</key>
				<string>gnu99</string>
				<key>GCC_WARN_64_TO_32_BIT_CONVERSION</key>
				<string>YES</string>
				<key>GCC_WARN_ABOUT_RETURN_TYPE</key>
				<string>YES_ERROR</string>
				<key>GCC_WARN_UNDECLARED_SELECTOR</key>
				<string>YES</string>
				<key>GCC_WARN_UNINITIALIZED_AUTOS</key>
				<string>YES</string>
				<key>GCC_WARN_UNUSED_FUNCTION</key>
				<string>YES</string>
				<key>GCC_WARN_UNUSED_VARIABLE</key>
				<string>YES</string>
				<key>IPHONEOS_DEPLOYMENT_TARGET</key>
				<string>7.0</string>
				<key>SDKROOT</key>
				<string>iphoneos</string>
				<key>VALIDATE_PRODUCT</key>
				<string>YES</string>
			</dict>
			<key>isa</key>
			<string>XCBuildConfiguration</string>
			<key>name</key>
			<string>Release</string>
		</dict>
		<key>9A021FEB18660AB000D8AB69</key>
		<dict>
			<key>buildConfigurations</key>
			<array>
				<string>9A021FEC18660AB000D8AB69</string>
				<string>9A021FED18660AB000D8AB69</string>
			</array>
			<key>defaultConfigurationIsVisible</key>
			<string>0</string>
			<key>defaultConfigurationName</key>
			<string>Release</string>
			<key>isa</key>
			<string>XCConfigurationList</string>
		</dict>
		<key>9A021FEC18660AB000D8AB69</key>
		<dict>
			<key>baseConfigurationReference</key>
			<string>55E71C2278524944AB923C3C</string>
			<key>buildSettings</key>
			<dict>
				<key>ASSETCATALOG_COMPILER_APPICON_NAME</key>
				<string>AppIcon</string>
				<key>ASSETCATALOG_COMPILER_LAUNCHIMAGE_NAME</key>
				<string>LaunchImage</string>
				<key>CODE_SIGN_IDENTITY</key>
				<string>iPhone Developer</string>
				<key>CODE_SIGN_IDENTITY[sdk=iphoneos*]</key>
				<string>iPhone Developer</string>
				<key>FRAMEWORK_SEARCH_PATHS</key>
				<array>
					<string>$(inherited)</string>
					<string>/Users/jianglin612/Desktop/Outfyt</string>
					<string>/Users/jianglin/Desktop/Remen-1</string>
				</array>
				<key>GCC_PRECOMPILE_PREFIX_HEADER</key>
				<string>YES</string>
				<key>GCC_PREFIX_HEADER</key>
				<string>Outfyt/Outfyt-Prefix.pch</string>
				<key>INFOPLIST_FILE</key>
				<string>Outfyt/Outfyt-Info.plist</string>
				<key>PRODUCT_NAME</key>
				<string>$(TARGET_NAME)</string>
				<key>PROVISIONING_PROFILE</key>
				<string></string>
				<key>WRAPPER_EXTENSION</key>
				<string>app</string>
			</dict>
			<key>isa</key>
			<string>XCBuildConfiguration</string>
			<key>name</key>
			<string>Debug</string>
		</dict>
		<key>9A021FED18660AB000D8AB69</key>
		<dict>
			<key>baseConfigurationReference</key>
			<string>55E71C2278524944AB923C3C</string>
			<key>buildSettings</key>
			<dict>
				<key>ASSETCATALOG_COMPILER_APPICON_NAME</key>
				<string>AppIcon</string>
				<key>ASSETCATALOG_COMPILER_LAUNCHIMAGE_NAME</key>
				<string>LaunchImage</string>
				<key>CODE_SIGN_IDENTITY</key>
				<string>iPhone Developer</string>
				<key>CODE_SIGN_IDENTITY[sdk=iphoneos*]</key>
				<string>iPhone Developer</string>
				<key>FRAMEWORK_SEARCH_PATHS</key>
				<array>
					<string>$(inherited)</string>
					<string>/Users/jianglin612/Desktop/Outfyt</string>
					<string>/Users/jianglin/Desktop/Remen-1</string>
				</array>
				<key>GCC_PRECOMPILE_PREFIX_HEADER</key>
				<string>YES</string>
				<key>GCC_PREFIX_HEADER</key>
				<string>Outfyt/Outfyt-Prefix.pch</string>
				<key>INFOPLIST_FILE</key>
				<string>Outfyt/Outfyt-Info.plist</string>
				<key>PRODUCT_NAME</key>
				<string>$(TARGET_NAME)</string>
				<key>PROVISIONING_PROFILE</key>
				<string></string>
				<key>WRAPPER_EXTENSION</key>
				<string>app</string>
			</dict>
			<key>isa</key>
			<string>XCBuildConfiguration</string>
			<key>name</key>
			<string>Release</string>
		</dict>
		<key>9A021FEE18660AB000D8AB69</key>
		<dict>
			<key>buildConfigurations</key>
			<array>
				<string>9A021FEF18660AB000D8AB69</string>
				<string>9A021FF018660AB000D8AB69</string>
			</array>
			<key>defaultConfigurationIsVisible</key>
			<string>0</string>
			<key>defaultConfigurationName</key>
			<string>Release</string>
			<key>isa</key>
			<string>XCConfigurationList</string>
		</dict>
		<key>9A021FEF18660AB000D8AB69</key>
		<dict>
			<key>buildSettings</key>
			<dict>
				<key>ARCHS</key>
				<string>$(ARCHS_STANDARD_INCLUDING_64_BIT)</string>
				<key>BUNDLE_LOADER</key>
				<string>$(BUILT_PRODUCTS_DIR)/Outfyt.app/Outfyt</string>
				<key>FRAMEWORK_SEARCH_PATHS</key>
				<array>
					<string>$(SDKROOT)/Developer/Library/Frameworks</string>
					<string>$(inherited)</string>
					<string>$(DEVELOPER_FRAMEWORKS_DIR)</string>
				</array>
				<key>GCC_PRECOMPILE_PREFIX_HEADER</key>
				<string>YES</string>
				<key>GCC_PREFIX_HEADER</key>
				<string>Outfyt/Outfyt-Prefix.pch</string>
				<key>GCC_PREPROCESSOR_DEFINITIONS</key>
				<array>
					<string>DEBUG=1</string>
					<string>$(inherited)</string>
				</array>
				<key>INFOPLIST_FILE</key>
				<string>OutfytTests/OutfytTests-Info.plist</string>
				<key>PRODUCT_NAME</key>
				<string>$(TARGET_NAME)</string>
				<key>TEST_HOST</key>
				<string>$(BUNDLE_LOADER)</string>
				<key>WRAPPER_EXTENSION</key>
				<string>xctest</string>
			</dict>
			<key>isa</key>
			<string>XCBuildConfiguration</string>
			<key>name</key>
			<string>Debug</string>
		</dict>
		<key>9A021FF018660AB000D8AB69</key>
		<dict>
			<key>buildSettings</key>
			<dict>
				<key>ARCHS</key>
				<string>$(ARCHS_STANDARD_INCLUDING_64_BIT)</string>
				<key>BUNDLE_LOADER</key>
				<string>$(BUILT_PRODUCTS_DIR)/Outfyt.app/Outfyt</string>
				<key>FRAMEWORK_SEARCH_PATHS</key>
				<array>
					<string>$(SDKROOT)/Developer/Library/Frameworks</string>
					<string>$(inherited)</string>
					<string>$(DEVELOPER_FRAMEWORKS_DIR)</string>
				</array>
				<key>GCC_PRECOMPILE_PREFIX_HEADER</key>
				<string>YES</string>
				<key>GCC_PREFIX_HEADER</key>
				<string>Outfyt/Outfyt-Prefix.pch</string>
				<key>INFOPLIST_FILE</key>
				<string>OutfytTests/OutfytTests-Info.plist</string>
				<key>PRODUCT_NAME</key>
				<string>$(TARGET_NAME)</string>
				<key>TEST_HOST</key>
				<string>$(BUNDLE_LOADER)</string>
				<key>WRAPPER_EXTENSION</key>
				<string>xctest</string>
			</dict>
			<key>isa</key>
			<string>XCBuildConfiguration</string>
			<key>name</key>
			<string>Release</string>
		</dict>
		<key>9A11EF6A186ABE6800434A28</key>
		<dict>
			<key>fileEncoding</key>
			<string>4</string>
			<key>isa</key>
			<string>PBXFileReference</string>
			<key>lastKnownFileType</key>
			<string>sourcecode.c.h</string>
			<key>path</key>
			<string>OFSettingsViewController.h</string>
			<key>sourceTree</key>
			<string>&lt;group&gt;</string>
		</dict>
		<key>9A11EF6B186ABE6800434A28</key>
		<dict>
			<key>fileEncoding</key>
			<string>4</string>
			<key>isa</key>
			<string>PBXFileReference</string>
			<key>lastKnownFileType</key>
			<string>sourcecode.c.objc</string>
			<key>path</key>
			<string>OFSettingsViewController.m</string>
			<key>sourceTree</key>
			<string>&lt;group&gt;</string>
		</dict>
		<key>9A11EF6C186ABE6800434A28</key>
		<dict>
			<key>fileRef</key>
			<string>9A11EF6B186ABE6800434A28</string>
			<key>isa</key>
			<string>PBXBuildFile</string>
		</dict>
		<key>9A2DAF92186A23B20073C44B</key>
		<dict>
			<key>children</key>
			<array>
				<string>9A2DAFA7186A6E3F0073C44B</string>
				<string>9A2DAFA8186A6E3F0073C44B</string>
				<string>9A2DAFAA186A6E600073C44B</string>
				<string>9A2DAFAB186A6E600073C44B</string>
				<string>9A11EF6A186ABE6800434A28</string>
				<string>9A11EF6B186ABE6800434A28</string>
			</array>
			<key>isa</key>
			<string>PBXGroup</string>
			<key>name</key>
			<string>Administrative Tasks</string>
			<key>sourceTree</key>
			<string>&lt;group&gt;</string>
		</dict>
		<key>9A2DAF93186A24BF0073C44B</key>
		<dict>
			<key>isa</key>
			<string>PBXFileReference</string>
			<key>lastKnownFileType</key>
			<string>wrapper.framework</string>
			<key>path</key>
			<string>Parse.framework</string>
			<key>sourceTree</key>
			<string>&lt;group&gt;</string>
		</dict>
		<key>9A2DAF95186A252C0073C44B</key>
		<dict>
			<key>isa</key>
			<string>PBXFileReference</string>
			<key>lastKnownFileType</key>
			<string>wrapper.framework</string>
			<key>name</key>
			<string>AudioToolbox.framework</string>
			<key>path</key>
			<string>System/Library/Frameworks/AudioToolbox.framework</string>
			<key>sourceTree</key>
			<string>SDKROOT</string>
		</dict>
		<key>9A2DAF96186A252C0073C44B</key>
		<dict>
			<key>fileRef</key>
			<string>9A2DAF95186A252C0073C44B</string>
			<key>isa</key>
			<string>PBXBuildFile</string>
		</dict>
		<key>9A2DAF97186A25980073C44B</key>
		<dict>
			<key>isa</key>
			<string>PBXFileReference</string>
			<key>lastKnownFileType</key>
			<string>wrapper.framework</string>
			<key>name</key>
			<string>CoreLocation.framework</string>
			<key>path</key>
			<string>System/Library/Frameworks/CoreLocation.framework</string>
			<key>sourceTree</key>
			<string>SDKROOT</string>
		</dict>
		<key>9A2DAF98186A25980073C44B</key>
		<dict>
			<key>fileRef</key>
			<string>9A2DAF97186A25980073C44B</string>
			<key>isa</key>
			<string>PBXBuildFile</string>
		</dict>
		<key>9A2DAF99186A25B90073C44B</key>
		<dict>
			<key>isa</key>
			<string>PBXFileReference</string>
			<key>lastKnownFileType</key>
			<string>wrapper.framework</string>
			<key>name</key>
			<string>CFNetwork.framework</string>
			<key>path</key>
			<string>System/Library/Frameworks/CFNetwork.framework</string>
			<key>sourceTree</key>
			<string>SDKROOT</string>
		</dict>
		<key>9A2DAF9A186A25B90073C44B</key>
		<dict>
			<key>isa</key>
			<string>PBXFileReference</string>
			<key>lastKnownFileType</key>
			<string>compiled.mach-o.dylib</string>
			<key>name</key>
			<string>libz.1.1.3.dylib</string>
			<key>path</key>
			<string>usr/lib/libz.1.1.3.dylib</string>
			<key>sourceTree</key>
			<string>SDKROOT</string>
		</dict>
		<key>9A2DAF9B186A25B90073C44B</key>
		<dict>
			<key>fileRef</key>
			<string>9A2DAF99186A25B90073C44B</string>
			<key>isa</key>
			<string>PBXBuildFile</string>
		</dict>
		<key>9A2DAF9C186A25B90073C44B</key>
		<dict>
			<key>fileRef</key>
			<string>9A2DAF9A186A25B90073C44B</string>
			<key>isa</key>
			<string>PBXBuildFile</string>
		</dict>
		<key>9A2DAF9D186A25D00073C44B</key>
		<dict>
			<key>isa</key>
			<string>PBXFileReference</string>
			<key>lastKnownFileType</key>
			<string>wrapper.framework</string>
			<key>name</key>
			<string>MobileCoreServices.framework</string>
			<key>path</key>
			<string>System/Library/Frameworks/MobileCoreServices.framework</string>
			<key>sourceTree</key>
			<string>SDKROOT</string>
		</dict>
		<key>9A2DAF9E186A25D10073C44B</key>
		<dict>
			<key>isa</key>
			<string>PBXFileReference</string>
			<key>lastKnownFileType</key>
			<string>wrapper.framework</string>
			<key>name</key>
			<string>QuartzCore.framework</string>
			<key>path</key>
			<string>System/Library/Frameworks/QuartzCore.framework</string>
			<key>sourceTree</key>
			<string>SDKROOT</string>
		</dict>
		<key>9A2DAF9F186A25D10073C44B</key>
		<dict>
			<key>isa</key>
			<string>PBXFileReference</string>
			<key>lastKnownFileType</key>
			<string>wrapper.framework</string>
			<key>name</key>
			<string>Security.framework</string>
			<key>path</key>
			<string>System/Library/Frameworks/Security.framework</string>
			<key>sourceTree</key>
			<string>SDKROOT</string>
		</dict>
		<key>9A2DAFA0186A25D10073C44B</key>
		<dict>
			<key>isa</key>
			<string>PBXFileReference</string>
			<key>lastKnownFileType</key>
			<string>wrapper.framework</string>
			<key>name</key>
			<string>StoreKit.framework</string>
			<key>path</key>
			<string>System/Library/Frameworks/StoreKit.framework</string>
			<key>sourceTree</key>
			<string>SDKROOT</string>
		</dict>
		<key>9A2DAFA1186A25D10073C44B</key>
		<dict>
			<key>isa</key>
			<string>PBXFileReference</string>
			<key>lastKnownFileType</key>
			<string>wrapper.framework</string>
			<key>name</key>
			<string>SystemConfiguration.framework</string>
			<key>path</key>
			<string>System/Library/Frameworks/SystemConfiguration.framework</string>
			<key>sourceTree</key>
			<string>SDKROOT</string>
		</dict>
		<key>9A2DAFA2186A25D10073C44B</key>
		<dict>
			<key>fileRef</key>
			<string>9A2DAF9D186A25D00073C44B</string>
			<key>isa</key>
			<string>PBXBuildFile</string>
		</dict>
		<key>9A2DAFA3186A25D10073C44B</key>
		<dict>
			<key>fileRef</key>
			<string>9A2DAF9E186A25D10073C44B</string>
			<key>isa</key>
			<string>PBXBuildFile</string>
		</dict>
		<key>9A2DAFA4186A25D10073C44B</key>
		<dict>
			<key>fileRef</key>
			<string>9A2DAF9F186A25D10073C44B</string>
			<key>isa</key>
			<string>PBXBuildFile</string>
		</dict>
		<key>9A2DAFA5186A25D10073C44B</key>
		<dict>
			<key>fileRef</key>
			<string>9A2DAFA0186A25D10073C44B</string>
			<key>isa</key>
			<string>PBXBuildFile</string>
		</dict>
		<key>9A2DAFA6186A25D10073C44B</key>
		<dict>
			<key>fileRef</key>
			<string>9A2DAFA1186A25D10073C44B</string>
			<key>isa</key>
			<string>PBXBuildFile</string>
		</dict>
		<key>9A2DAFA7186A6E3F0073C44B</key>
		<dict>
			<key>fileEncoding</key>
			<string>4</string>
			<key>isa</key>
			<string>PBXFileReference</string>
			<key>lastKnownFileType</key>
			<string>sourcecode.c.h</string>
			<key>path</key>
			<string>OFLogInViewController.h</string>
			<key>sourceTree</key>
			<string>&lt;group&gt;</string>
		</dict>
		<key>9A2DAFA8186A6E3F0073C44B</key>
		<dict>
			<key>fileEncoding</key>
			<string>4</string>
			<key>isa</key>
			<string>PBXFileReference</string>
			<key>lastKnownFileType</key>
			<string>sourcecode.c.objc</string>
			<key>path</key>
			<string>OFLogInViewController.m</string>
			<key>sourceTree</key>
			<string>&lt;group&gt;</string>
		</dict>
		<key>9A2DAFA9186A6E3F0073C44B</key>
		<dict>
			<key>fileRef</key>
			<string>9A2DAFA8186A6E3F0073C44B</string>
			<key>isa</key>
			<string>PBXBuildFile</string>
		</dict>
		<key>9A2DAFAA186A6E600073C44B</key>
		<dict>
			<key>fileEncoding</key>
			<string>4</string>
			<key>isa</key>
			<string>PBXFileReference</string>
			<key>lastKnownFileType</key>
			<string>sourcecode.c.h</string>
			<key>path</key>
			<string>OFSignUpViewController.h</string>
			<key>sourceTree</key>
			<string>&lt;group&gt;</string>
		</dict>
		<key>9A2DAFAB186A6E600073C44B</key>
		<dict>
			<key>fileEncoding</key>
			<string>4</string>
			<key>isa</key>
			<string>PBXFileReference</string>
			<key>lastKnownFileType</key>
			<string>sourcecode.c.objc</string>
			<key>path</key>
			<string>OFSignUpViewController.m</string>
			<key>sourceTree</key>
			<string>&lt;group&gt;</string>
		</dict>
		<key>9A2DAFAC186A6E600073C44B</key>
		<dict>
			<key>fileRef</key>
			<string>9A2DAFAB186A6E600073C44B</string>
			<key>isa</key>
			<string>PBXBuildFile</string>
		</dict>
		<key>9A3B2F6D186BE02D00F04B6C</key>
		<dict>
			<key>fileEncoding</key>
			<string>4</string>
			<key>isa</key>
			<string>PBXFileReference</string>
			<key>lastKnownFileType</key>
			<string>sourcecode.c.h</string>
			<key>path</key>
			<string>OFCameraViewController.h</string>
			<key>sourceTree</key>
			<string>&lt;group&gt;</string>
		</dict>
		<key>9A3B2F6E186BE02D00F04B6C</key>
		<dict>
			<key>fileEncoding</key>
			<string>4</string>
			<key>isa</key>
			<string>PBXFileReference</string>
			<key>lastKnownFileType</key>
			<string>sourcecode.c.objc</string>
			<key>path</key>
			<string>OFCameraViewController.m</string>
			<key>sourceTree</key>
			<string>&lt;group&gt;</string>
		</dict>
		<key>9A3B2F6F186BE02D00F04B6C</key>
		<dict>
			<key>fileRef</key>
			<string>9A3B2F6E186BE02D00F04B6C</string>
			<key>isa</key>
			<string>PBXBuildFile</string>
		</dict>
		<key>9A3B2F7C186CFCE300F04B6C</key>
		<dict>
			<key>fileEncoding</key>
			<string>4</string>
			<key>isa</key>
			<string>PBXFileReference</string>
			<key>lastKnownFileType</key>
			<string>sourcecode.c.h</string>
			<key>path</key>
			<string>OFAddTagViewController.h</string>
			<key>sourceTree</key>
			<string>&lt;group&gt;</string>
		</dict>
		<key>9A3B2F7D186CFCE300F04B6C</key>
		<dict>
			<key>fileEncoding</key>
			<string>4</string>
			<key>isa</key>
			<string>PBXFileReference</string>
			<key>lastKnownFileType</key>
			<string>sourcecode.c.objc</string>
			<key>path</key>
			<string>OFAddTagViewController.m</string>
			<key>sourceTree</key>
			<string>&lt;group&gt;</string>
		</dict>
		<key>9A3B2F7E186CFCE300F04B6C</key>
		<dict>
			<key>fileRef</key>
			<string>9A3B2F7D186CFCE300F04B6C</string>
			<key>isa</key>
			<string>PBXBuildFile</string>
		</dict>
		<key>9A3B2F7F186CFCFE00F04B6C</key>
		<dict>
			<key>children</key>
			<array>
				<string>9A3B2F6D186BE02D00F04B6C</string>
				<string>9A3B2F6E186BE02D00F04B6C</string>
				<string>9A3B2F7C186CFCE300F04B6C</string>
				<string>9A3B2F7D186CFCE300F04B6C</string>
				<string>9AF8747B186D0CA800CAA2C2</string>
				<string>9AF8747C186D0CA800CAA2C2</string>
				<string>9AF5ECB1186D6610006816E4</string>
				<string>9AF5ECB2186D6610006816E4</string>
				<string>92714779188B67A2008FAF7A</string>
				<string>9271477A188B67A2008FAF7A</string>
				<string>9271477C188B67C0008FAF7A</string>
				<string>9271477D188B67C0008FAF7A</string>
			</array>
			<key>isa</key>
			<string>PBXGroup</string>
			<key>name</key>
			<string>Camera</string>
			<key>sourceTree</key>
			<string>&lt;group&gt;</string>
		</dict>
		<key>9AACDED3186E0FE6000CDE57</key>
		<dict>
			<key>isa</key>
			<string>PBXFileReference</string>
			<key>lastKnownFileType</key>
			<string>wrapper.framework</string>
			<key>name</key>
			<string>CoreTelephony.framework</string>
			<key>path</key>
			<string>System/Library/Frameworks/CoreTelephony.framework</string>
			<key>sourceTree</key>
			<string>SDKROOT</string>
		</dict>
		<key>9AACDED5186E28DE000CDE57</key>
		<dict>
			<key>children</key>
			<array>
				<string>9AACDED6186E292E000CDE57</string>
				<string>9AACDED7186E292E000CDE57</string>
				<string>9AACDED9186E30A8000CDE57</string>
				<string>9AACDEDA186E30A8000CDE57</string>
				<string>9A017F7B1871EEB700D9A1DA</string>
				<string>9A017F7C1871EEB700D9A1DA</string>
				<string>9A017F7E1871EED200D9A1DA</string>
				<string>9A017F7F1871EED200D9A1DA</string>
			</array>
			<key>isa</key>
			<string>PBXGroup</string>
			<key>name</key>
			<string>Friends</string>
			<key>sourceTree</key>
			<string>&lt;group&gt;</string>
		</dict>
		<key>9AACDED6186E292E000CDE57</key>
		<dict>
			<key>fileEncoding</key>
			<string>4</string>
			<key>isa</key>
			<string>PBXFileReference</string>
			<key>lastKnownFileType</key>
			<string>sourcecode.c.h</string>
			<key>path</key>
			<string>OFAddFriendsViewController.h</string>
			<key>sourceTree</key>
			<string>&lt;group&gt;</string>
		</dict>
		<key>9AACDED7186E292E000CDE57</key>
		<dict>
			<key>fileEncoding</key>
			<string>4</string>
			<key>isa</key>
			<string>PBXFileReference</string>
			<key>lastKnownFileType</key>
			<string>sourcecode.c.objc</string>
			<key>path</key>
			<string>OFAddFriendsViewController.m</string>
			<key>sourceTree</key>
			<string>&lt;group&gt;</string>
		</dict>
		<key>9AACDED8186E292E000CDE57</key>
		<dict>
			<key>fileRef</key>
			<string>9AACDED7186E292E000CDE57</string>
			<key>isa</key>
			<string>PBXBuildFile</string>
		</dict>
		<key>9AACDED9186E30A8000CDE57</key>
		<dict>
			<key>fileEncoding</key>
			<string>4</string>
			<key>isa</key>
			<string>PBXFileReference</string>
			<key>lastKnownFileType</key>
			<string>sourcecode.c.h</string>
			<key>path</key>
			<string>OFAddFriendCell.h</string>
			<key>sourceTree</key>
			<string>&lt;group&gt;</string>
		</dict>
		<key>9AACDEDA186E30A8000CDE57</key>
		<dict>
			<key>fileEncoding</key>
			<string>4</string>
			<key>isa</key>
			<string>PBXFileReference</string>
			<key>lastKnownFileType</key>
			<string>sourcecode.c.objc</string>
			<key>path</key>
			<string>OFAddFriendCell.m</string>
			<key>sourceTree</key>
			<string>&lt;group&gt;</string>
		</dict>
		<key>9AACDEDB186E30A8000CDE57</key>
		<dict>
			<key>fileRef</key>
			<string>9AACDEDA186E30A8000CDE57</string>
			<key>isa</key>
			<string>PBXBuildFile</string>
		</dict>
		<key>9AACDEDC186E345F000CDE57</key>
		<dict>
			<key>isa</key>
			<string>PBXFileReference</string>
			<key>lastKnownFileType</key>
			<string>wrapper.framework</string>
			<key>name</key>
			<string>AddressBook.framework</string>
			<key>path</key>
			<string>System/Library/Frameworks/AddressBook.framework</string>
			<key>sourceTree</key>
			<string>SDKROOT</string>
		</dict>
		<key>9AACDEDD186E345F000CDE57</key>
		<dict>
			<key>fileRef</key>
			<string>9AACDEDC186E345F000CDE57</string>
			<key>isa</key>
			<string>PBXBuildFile</string>
		</dict>
		<key>9AACDEDE186E365D000CDE57</key>
		<dict>
			<key>isa</key>
			<string>PBXFileReference</string>
			<key>lastKnownFileType</key>
			<string>wrapper.framework</string>
			<key>name</key>
			<string>AddressBookUI.framework</string>
			<key>path</key>
			<string>System/Library/Frameworks/AddressBookUI.framework</string>
			<key>sourceTree</key>
			<string>SDKROOT</string>
		</dict>
		<key>9AACDEDF186E365D000CDE57</key>
		<dict>
			<key>fileRef</key>
			<string>9AACDEDE186E365D000CDE57</string>
			<key>isa</key>
			<string>PBXBuildFile</string>
		</dict>
		<key>9AF5ECB1186D6610006816E4</key>
		<dict>
			<key>fileEncoding</key>
			<string>4</string>
			<key>isa</key>
			<string>PBXFileReference</string>
			<key>lastKnownFileType</key>
			<string>sourcecode.c.h</string>
			<key>path</key>
			<string>OFTagCell.h</string>
			<key>sourceTree</key>
			<string>&lt;group&gt;</string>
		</dict>
		<key>9AF5ECB2186D6610006816E4</key>
		<dict>
			<key>fileEncoding</key>
			<string>4</string>
			<key>isa</key>
			<string>PBXFileReference</string>
			<key>lastKnownFileType</key>
			<string>sourcecode.c.objc</string>
			<key>path</key>
			<string>OFTagCell.m</string>
			<key>sourceTree</key>
			<string>&lt;group&gt;</string>
		</dict>
		<key>9AF5ECB3186D6610006816E4</key>
		<dict>
			<key>fileRef</key>
			<string>9AF5ECB2186D6610006816E4</string>
			<key>isa</key>
			<string>PBXBuildFile</string>
		</dict>
		<key>9AF8747B186D0CA800CAA2C2</key>
		<dict>
			<key>fileEncoding</key>
			<string>4</string>
			<key>isa</key>
			<string>PBXFileReference</string>
			<key>lastKnownFileType</key>
			<string>sourcecode.c.h</string>
			<key>path</key>
			<string>OFAddTagCell.h</string>
			<key>sourceTree</key>
			<string>&lt;group&gt;</string>
		</dict>
		<key>9AF8747C186D0CA800CAA2C2</key>
		<dict>
			<key>fileEncoding</key>
			<string>4</string>
			<key>isa</key>
			<string>PBXFileReference</string>
			<key>lastKnownFileType</key>
			<string>sourcecode.c.objc</string>
			<key>path</key>
			<string>OFAddTagCell.m</string>
			<key>sourceTree</key>
			<string>&lt;group&gt;</string>
		</dict>
		<key>9AF8747D186D0CA800CAA2C2</key>
		<dict>
			<key>fileRef</key>
			<string>9AF8747C186D0CA800CAA2C2</string>
			<key>isa</key>
			<string>PBXBuildFile</string>
		</dict>
		<key>9AF8CC641866451600A24FBF</key>
		<dict>
			<key>fileEncoding</key>
			<string>4</string>
			<key>isa</key>
			<string>PBXFileReference</string>
			<key>lastKnownFileType</key>
			<string>file.storyboard</string>
			<key>path</key>
			<string>MainStoryboard.storyboard</string>
			<key>sourceTree</key>
			<string>&lt;group&gt;</string>
		</dict>
		<key>9AF8CC651866451600A24FBF</key>
		<dict>
			<key>fileRef</key>
			<string>9AF8CC641866451600A24FBF</string>
			<key>isa</key>
			<string>PBXBuildFile</string>
		</dict>
		<key>9AF8CC6618664C0900A24FBF</key>
		<dict>
			<key>children</key>
			<array>
				<string>9AF8CC6718664C3B00A24FBF</string>
				<string>9AF8CC6818664C3B00A24FBF</string>
				<string>9AFE3ADF1866A75700E7C235</string>
				<string>9AFE3AE01866A75700E7C235</string>
				<string>9AACDED5186E28DE000CDE57</string>
				<string>9A3B2F7F186CFCFE00F04B6C</string>
				<string>9A2DAF92186A23B20073C44B</string>
			</array>
			<key>isa</key>
			<string>PBXGroup</string>
			<key>name</key>
			<string>View Controllers</string>
			<key>sourceTree</key>
			<string>&lt;group&gt;</string>
		</dict>
		<key>9AF8CC6718664C3B00A24FBF</key>
		<dict>
			<key>fileEncoding</key>
			<string>4</string>
			<key>isa</key>
			<string>PBXFileReference</string>
			<key>lastKnownFileType</key>
			<string>sourcecode.c.h</string>
			<key>path</key>
			<string>OFFeedViewController.h</string>
			<key>sourceTree</key>
			<string>&lt;group&gt;</string>
		</dict>
		<key>9AF8CC6818664C3B00A24FBF</key>
		<dict>
			<key>fileEncoding</key>
			<string>4</string>
			<key>isa</key>
			<string>PBXFileReference</string>
			<key>lastKnownFileType</key>
			<string>sourcecode.c.objc</string>
			<key>path</key>
			<string>OFFeedViewController.m</string>
			<key>sourceTree</key>
			<string>&lt;group&gt;</string>
		</dict>
		<key>9AF8CC6918664C3B00A24FBF</key>
		<dict>
			<key>fileRef</key>
			<string>9AF8CC6818664C3B00A24FBF</string>
			<key>isa</key>
			<string>PBXBuildFile</string>
		</dict>
		<key>9AF8CC6A1866540500A24FBF</key>
		<dict>
			<key>children</key>
			<array>
				<string>92A95AAC187F9EF100DA14AA</string>
			</array>
			<key>isa</key>
			<string>PBXGroup</string>
			<key>name</key>
			<string>Images</string>
			<key>path</key>
			<string>../../../Downloads/icons</string>
			<key>sourceTree</key>
			<string>&lt;group&gt;</string>
		</dict>
		<key>9AFE3ADF1866A75700E7C235</key>
		<dict>
			<key>fileEncoding</key>
			<string>4</string>
			<key>isa</key>
			<string>PBXFileReference</string>
			<key>lastKnownFileType</key>
			<string>sourcecode.c.h</string>
			<key>path</key>
			<string>OFPhotoDetailViewController.h</string>
			<key>sourceTree</key>
			<string>&lt;group&gt;</string>
		</dict>
		<key>9AFE3AE01866A75700E7C235</key>
		<dict>
			<key>fileEncoding</key>
			<string>4</string>
			<key>isa</key>
			<string>PBXFileReference</string>
			<key>lastKnownFileType</key>
			<string>sourcecode.c.objc</string>
			<key>path</key>
			<string>OFPhotoDetailViewController.m</string>
			<key>sourceTree</key>
			<string>&lt;group&gt;</string>
		</dict>
		<key>9AFE3AE11866A75700E7C235</key>
		<dict>
			<key>fileRef</key>
			<string>9AFE3AE01866A75700E7C235</string>
			<key>isa</key>
			<string>PBXBuildFile</string>
		</dict>
		<key>B1F8E006203D4F6494EECBD0</key>
		<dict>
			<key>buildActionMask</key>
			<string>2147483647</string>
			<key>files</key>
			<array/>
			<key>inputPaths</key>
			<array/>
			<key>isa</key>
			<string>PBXShellScriptBuildPhase</string>
			<key>name</key>
			<string>Check Pods Manifest.lock</string>
			<key>outputPaths</key>
			<array/>
			<key>runOnlyForDeploymentPostprocessing</key>
			<string>0</string>
			<key>shellPath</key>
			<string>/bin/sh</string>
			<key>shellScript</key>
			<string>diff "${PODS_ROOT}/../Podfile.lock" "${PODS_ROOT}/Manifest.lock" &gt; /dev/null
if [[ $? != 0 ]] ; then
    cat &lt;&lt; EOM
error: The sandbox is not in sync with the Podfile.lock. Run 'pod install' or update your CocoaPods installation.
EOM
    exit 1
fi
</string>
			<key>showEnvVarsInLog</key>
			<string>0</string>
		</dict>
	</dict>
	<key>rootObject</key>
	<string>9A021FB718660AAF00D8AB69</string>
</dict>
</plist>
